
Microsoft Visual Studio Solution File, Format Version 12.00
# Visual Studio Version 17
VisualStudioVersion = 17.10.35013.160
MinimumVisualStudioVersion = 10.0.40219.1
Project("{2150E333-8FDC-42A3-9474-1A3956D46DE8}") = "src", "src", "{3E47910D-D8BF-43C3-AB94-EF7FFC9D3BDF}"
EndProject
Project("{9A19103F-16F7-4668-BE54-9A1E7A4F7556}") = "IAD.TodoListApp.Packages", "src\IAD.TodoListApp.Packages\IAD.TodoListApp.Packages.csproj", "{86AD80EE-F3FF-43B2-8A29-84691DE76B0B}"
EndProject
Project("{9A19103F-16F7-4668-BE54-9A1E7A4F7556}") = "IAD.TodoListApp.Core", "src\IAD.TodoListApp.Core\IAD.TodoListApp.Core.csproj", "{C38651DC-FDDB-4E10-AAA0-01DA1B3AF0D4}"
EndProject
Project("{9A19103F-16F7-4668-BE54-9A1E7A4F7556}") = "IAD.TodoListApp.Contracts", "src\IAD.TodoListApp.Contracts\IAD.TodoListApp.Contracts.csproj", "{779328E1-F068-4222-9045-B025548F042C}"
EndProject
Project("{9A19103F-16F7-4668-BE54-9A1E7A4F7556}") = "IAD.TodoListApp.Service", "src\IAD.TodoListApp.Service\IAD.TodoListApp.Service.csproj", "{025EE386-69B4-4BDD-974D-ECEE54D0AC00}"
EndProject
Project("{9A19103F-16F7-4668-BE54-9A1E7A4F7556}") = "IAD.TodoListApp.UseCases", "src\IAD.TodoListApp.UseCases\IAD.TodoListApp.UseCases.csproj", "{86908AED-AC46-4FDD-9080-76A30B1B439C}"
EndProject
Project("{9A19103F-16F7-4668-BE54-9A1E7A4F7556}") = "IAD.TodoListApp.DataAccess", "src\IAD.TodoListApp.DataAccess\IAD.TodoListApp.DataAccess.csproj", "{DE7C4E02-DEA1-4EBD-B736-F08CA4782692}"
EndProject
Project("{9A19103F-16F7-4668-BE54-9A1E7A4F7556}") = "IAD.TodoListApp.Infrastructure", "src\IAD.TodoListApp.Infrastructure\IAD.TodoListApp.Infrastructure.csproj", "{9C624192-60F3-40DB-BDBE-AA189B9CF15A}"
EndProject
Project("{2150E333-8FDC-42A3-9474-1A3956D46DE8}") = "Chat", "Chat", "{71EF3880-6A3E-4280-94B2-08B36EAB6173}"
EndProject
Project("{FAE04EC0-301F-11D3-BF4B-00C04F79EFBC}") = "IAM.TodoListApp.Chat.Core", "IAM.TodoListApp.Chat.Core\IAM.TodoListApp.Chat.Core.csproj", "{CEFDEC9F-8AD3-4295-8CD1-0E3458640955}"
EndProject
Project("{FAE04EC0-301F-11D3-BF4B-00C04F79EFBC}") = "IAM.TodoListApp.Chat.Service", "IAM.TodoListApp.Chat.Service\IAM.TodoListApp.Chat.Service.csproj", "{546669CB-5089-477E-8A37-3CE0F26D3A38}"
EndProject
Project("{2150E333-8FDC-42A3-9474-1A3956D46DE8}") = "tests", "tests", "{B8B9B623-7270-4FEE-848C-03477368671A}"
	ProjectSection(SolutionItems) = preProject
		chatTest.html = chatTest.html
	EndProjectSection
EndProject
Global
	GlobalSection(SolutionConfigurationPlatforms) = preSolution
		Debug|Any CPU = Debug|Any CPU
		Release|Any CPU = Release|Any CPU
	EndGlobalSection
	GlobalSection(ProjectConfigurationPlatforms) = postSolution
		{86AD80EE-F3FF-43B2-8A29-84691DE76B0B}.Debug|Any CPU.ActiveCfg = Debug|Any CPU
		{86AD80EE-F3FF-43B2-8A29-84691DE76B0B}.Debug|Any CPU.Build.0 = Debug|Any CPU
		{86AD80EE-F3FF-43B2-8A29-84691DE76B0B}.Release|Any CPU.ActiveCfg = Release|Any CPU
		{86AD80EE-F3FF-43B2-8A29-84691DE76B0B}.Release|Any CPU.Build.0 = Release|Any CPU
		{C38651DC-FDDB-4E10-AAA0-01DA1B3AF0D4}.Debug|Any CPU.ActiveCfg = Debug|Any CPU
		{C38651DC-FDDB-4E10-AAA0-01DA1B3AF0D4}.Debug|Any CPU.Build.0 = Debug|Any CPU
		{C38651DC-FDDB-4E10-AAA0-01DA1B3AF0D4}.Release|Any CPU.ActiveCfg = Release|Any CPU
		{C38651DC-FDDB-4E10-AAA0-01DA1B3AF0D4}.Release|Any CPU.Build.0 = Release|Any CPU
		{779328E1-F068-4222-9045-B025548F042C}.Debug|Any CPU.ActiveCfg = Debug|Any CPU
		{779328E1-F068-4222-9045-B025548F042C}.Debug|Any CPU.Build.0 = Debug|Any CPU
		{779328E1-F068-4222-9045-B025548F042C}.Release|Any CPU.ActiveCfg = Release|Any CPU
		{779328E1-F068-4222-9045-B025548F042C}.Release|Any CPU.Build.0 = Release|Any CPU
		{025EE386-69B4-4BDD-974D-ECEE54D0AC00}.Debug|Any CPU.ActiveCfg = Debug|Any CPU
		{025EE386-69B4-4BDD-974D-ECEE54D0AC00}.Debug|Any CPU.Build.0 = Debug|Any CPU
		{025EE386-69B4-4BDD-974D-ECEE54D0AC00}.Release|Any CPU.ActiveCfg = Release|Any CPU
		{025EE386-69B4-4BDD-974D-ECEE54D0AC00}.Release|Any CPU.Build.0 = Release|Any CPU
		{86908AED-AC46-4FDD-9080-76A30B1B439C}.Debug|Any CPU.ActiveCfg = Debug|Any CPU
		{86908AED-AC46-4FDD-9080-76A30B1B439C}.Debug|Any CPU.Build.0 = Debug|Any CPU
		{86908AED-AC46-4FDD-9080-76A30B1B439C}.Release|Any CPU.ActiveCfg = Release|Any CPU
		{86908AED-AC46-4FDD-9080-76A30B1B439C}.Release|Any CPU.Build.0 = Release|Any CPU
		{DE7C4E02-DEA1-4EBD-B736-F08CA4782692}.Debug|Any CPU.ActiveCfg = Debug|Any CPU
		{DE7C4E02-DEA1-4EBD-B736-F08CA4782692}.Debug|Any CPU.Build.0 = Debug|Any CPU
		{DE7C4E02-DEA1-4EBD-B736-F08CA4782692}.Release|Any CPU.ActiveCfg = Release|Any CPU
		{DE7C4E02-DEA1-4EBD-B736-F08CA4782692}.Release|Any CPU.Build.0 = Release|Any CPU
		{9C624192-60F3-40DB-BDBE-AA189B9CF15A}.Debug|Any CPU.ActiveCfg = Debug|Any CPU
		{9C624192-60F3-40DB-BDBE-AA189B9CF15A}.Debug|Any CPU.Build.0 = Debug|Any CPU
		{9C624192-60F3-40DB-BDBE-AA189B9CF15A}.Release|Any CPU.ActiveCfg = Release|Any CPU
		{9C624192-60F3-40DB-BDBE-AA189B9CF15A}.Release|Any CPU.Build.0 = Release|Any CPU
		{CEFDEC9F-8AD3-4295-8CD1-0E3458640955}.Debug|Any CPU.ActiveCfg = Debug|Any CPU
		{CEFDEC9F-8AD3-4295-8CD1-0E3458640955}.Debug|Any CPU.Build.0 = Debug|Any CPU
		{CEFDEC9F-8AD3-4295-8CD1-0E3458640955}.Release|Any CPU.ActiveCfg = Release|Any CPU
		{CEFDEC9F-8AD3-4295-8CD1-0E3458640955}.Release|Any CPU.Build.0 = Release|Any CPU
		{546669CB-5089-477E-8A37-3CE0F26D3A38}.Debug|Any CPU.ActiveCfg = Debug|Any CPU
		{546669CB-5089-477E-8A37-3CE0F26D3A38}.Debug|Any CPU.Build.0 = Debug|Any CPU
		{546669CB-5089-477E-8A37-3CE0F26D3A38}.Release|Any CPU.ActiveCfg = Release|Any CPU
		{546669CB-5089-477E-8A37-3CE0F26D3A38}.Release|Any CPU.Build.0 = Release|Any CPU
	EndGlobalSection
	GlobalSection(SolutionProperties) = preSolution
		HideSolutionNode = FALSE
	EndGlobalSection
	GlobalSection(NestedProjects) = preSolution
		{86AD80EE-F3FF-43B2-8A29-84691DE76B0B} = {3E47910D-D8BF-43C3-AB94-EF7FFC9D3BDF}
		{C38651DC-FDDB-4E10-AAA0-01DA1B3AF0D4} = {3E47910D-D8BF-43C3-AB94-EF7FFC9D3BDF}
		{779328E1-F068-4222-9045-B025548F042C} = {3E47910D-D8BF-43C3-AB94-EF7FFC9D3BDF}
		{025EE386-69B4-4BDD-974D-ECEE54D0AC00} = {3E47910D-D8BF-43C3-AB94-EF7FFC9D3BDF}
		{86908AED-AC46-4FDD-9080-76A30B1B439C} = {3E47910D-D8BF-43C3-AB94-EF7FFC9D3BDF}
		{DE7C4E02-DEA1-4EBD-B736-F08CA4782692} = {3E47910D-D8BF-43C3-AB94-EF7FFC9D3BDF}
		{9C624192-60F3-40DB-BDBE-AA189B9CF15A} = {3E47910D-D8BF-43C3-AB94-EF7FFC9D3BDF}
		{71EF3880-6A3E-4280-94B2-08B36EAB6173} = {3E47910D-D8BF-43C3-AB94-EF7FFC9D3BDF}
		{CEFDEC9F-8AD3-4295-8CD1-0E3458640955} = {71EF3880-6A3E-4280-94B2-08B36EAB6173}
		{546669CB-5089-477E-8A37-3CE0F26D3A38} = {71EF3880-6A3E-4280-94B2-08B36EAB6173}
	EndGlobalSection
	GlobalSection(ExtensibilityGlobals) = postSolution
		SolutionGuid = {5D922811-9E9D-4B5C-B90F-9F0D042CA994}
	EndGlobalSection
EndGlobal
